// !$*UTF8*$!
{
	archiveVersion = 1;
	classes = {
	};
	objectVersion = 46;
	objects = {

/* Begin PBXBuildFile section */
		70FEE0CB1B8BA835002152F6 /* AppDelegate.swift in Sources */ = {isa = PBXBuildFile; fileRef = 70FEE0CA1B8BA835002152F6 /* AppDelegate.swift */; };
		70FEE0CD1B8BA835002152F6 /* ViewController.swift in Sources */ = {isa = PBXBuildFile; fileRef = 70FEE0CC1B8BA835002152F6 /* ViewController.swift */; };
		70FEE0D01B8BA835002152F6 /* Main.storyboard in Resources */ = {isa = PBXBuildFile; fileRef = 70FEE0CE1B8BA835002152F6 /* Main.storyboard */; };
		70FEE0D21B8BA835002152F6 /* Images.xcassets in Resources */ = {isa = PBXBuildFile; fileRef = 70FEE0D11B8BA835002152F6 /* Images.xcassets */; };
		70FEE0D51B8BA835002152F6 /* LaunchScreen.xib in Resources */ = {isa = PBXBuildFile; fileRef = 70FEE0D31B8BA835002152F6 /* LaunchScreen.xib */; };
		70FEE0E11B8BA835002152F6 /* treesTests.swift in Sources */ = {isa = PBXBuildFile; fileRef = 70FEE0E01B8BA835002152F6 /* treesTests.swift */; };
/* End PBXBuildFile section */

/* Begin PBXContainerItemProxy section */
		70FEE0DB1B8BA835002152F6 /* PBXContainerItemProxy */ = {
			isa = PBXContainerItemProxy;
			containerPortal = 70FEE0BD1B8BA835002152F6 /* Project object */;
			proxyType = 1;
			remoteGlobalIDString = 70FEE0C41B8BA835002152F6;
			remoteInfo = trees;
		};
/* End PBXContainerItemProxy section */

/* Begin PBXFileReference section */
		70FEE0C51B8BA835002152F6 /* trees.app */ = {isa = PBXFileReference; explicitFileType = wrapper.application; includeInIndex = 0; path = trees.app; sourceTree = BUILT_PRODUCTS_DIR; };
		70FEE0C91B8BA835002152F6 /* Info.plist */ = {isa = PBXFileReference; lastKnownFileType = text.plist.xml; path = Info.plist; sourceTree = "<group>"; };
		70FEE0CA1B8BA835002152F6 /* AppDelegate.swift */ = {isa = PBXFileReference; lastKnownFileType = sourcecode.swift; path = AppDelegate.swift; sourceTree = "<group>"; };
		70FEE0CC1B8BA835002152F6 /* ViewController.swift */ = {isa = PBXFileReference; lastKnownFileType = sourcecode.swift; path = ViewController.swift; sourceTree = "<group>"; };
		70FEE0CF1B8BA835002152F6 /* Base */ = {isa = PBXFileReference; lastKnownFileType = file.storyboard; name = Base; path = Base.lproj/Main.storyboard; sourceTree = "<group>"; };
		70FEE0D11B8BA835002152F6 /* Images.xcassets */ = {isa = PBXFileReference; lastKnownFileType = folder.assetcatalog; path = Images.xcassets; sourceTree = "<group>"; };
		70FEE0D41B8BA835002152F6 /* Base */ = {isa = PBXFileReference; lastKnownFileType = file.xib; name = Base; path = Base.lproj/LaunchScreen.xib; sourceTree = "<group>"; };
		70FEE0DA1B8BA835002152F6 /* treesTests.xctest */ = {isa = PBXFileReference; explicitFileType = wrapper.cfbundle; includeInIndex = 0; path = treesTests.xctest; sourceTree = BUILT_PRODUCTS_DIR; };
		70FEE0DF1B8BA835002152F6 /* Info.plist */ = {isa = PBXFileReference; lastKnownFileType = text.plist.xml; path = Info.plist; sourceTree = "<group>"; };
		70FEE0E01B8BA835002152F6 /* treesTests.swift */ = {isa = PBXFileReference; lastKnownFileType = sourcecode.swift; path = treesTests.swift; sourceTree = "<group>"; };
/* End PBXFileReference section */

/* Begin PBXFrameworksBuildPhase section */
		70FEE0C21B8BA835002152F6 /* Frameworks */ = {
			isa = PBXFrameworksBuildPhase;
			buildActionMask = 2147483647;
			files = (
			);
			runOnlyForDeploymentPostprocessing = 0;
		};
		70FEE0D71B8BA835002152F6 /* Frameworks */ = {
			isa = PBXFrameworksBuildPhase;
			buildActionMask = 2147483647;
			files = (
			);
			runOnlyForDeploymentPostprocessing = 0;
		};
/* End PBXFrameworksBuildPhase section */

/* Begin PBXGroup section */
		70FEE0BC1B8BA835002152F6 = {
			isa = PBXGroup;
			children = (
				70FEE0C71B8BA835002152F6 /* trees */,
				70FEE0DD1B8BA835002152F6 /* treesTests */,
				70FEE0C61B8BA835002152F6 /* Products */,
			);
			sourceTree = "<group>";
		};
		70FEE0C61B8BA835002152F6 /* Products */ = {
			isa = PBXGroup;
			children = (
				70FEE0C51B8BA835002152F6 /* trees.app */,
				70FEE0DA1B8BA835002152F6 /* treesTests.xctest */,
			);
			name = Products;
			sourceTree = "<group>";
		};
		70FEE0C71B8BA835002152F6 /* trees */ = {
			isa = PBXGroup;
			children = (
				70FEE0CA1B8BA835002152F6 /* AppDelegate.swift */,
				70FEE0CC1B8BA835002152F6 /* ViewController.swift */,
				70FEE0CE1B8BA835002152F6 /* Main.storyboard */,
				70FEE0D11B8BA835002152F6 /* Images.xcassets */,
				70FEE0D31B8BA835002152F6 /* LaunchScreen.xib */,
				70FEE0C81B8BA835002152F6 /* Supporting Files */,
			);
			path = trees;
			sourceTree = "<group>";
		};
		70FEE0C81B8BA835002152F6 /* Supporting Files */ = {
			isa = PBXGroup;
			children = (
				70FEE0C91B8BA835002152F6 /* Info.plist */,
			);
			name = "Supporting Files";
			sourceTree = "<group>";
		};
		70FEE0DD1B8BA835002152F6 /* treesTests */ = {
			isa = PBXGroup;
			children = (
				70FEE0E01B8BA835002152F6 /* treesTests.swift */,
				70FEE0DE1B8BA835002152F6 /* Supporting Files */,
			);
			path = treesTests;
			sourceTree = "<group>";
		};
		70FEE0DE1B8BA835002152F6 /* Supporting Files */ = {
			isa = PBXGroup;
			children = (
				70FEE0DF1B8BA835002152F6 /* Info.plist */,
			);
			name = "Supporting Files";
			sourceTree = "<group>";
		};
/* End PBXGroup section */

/* Begin PBXNativeTarget section */
		70FEE0C41B8BA835002152F6 /* trees */ = {
			isa = PBXNativeTarget;
			buildConfigurationList = 70FEE0E41B8BA835002152F6 /* Build configuration list for PBXNativeTarget "trees" */;
			buildPhases = (
				70FEE0C11B8BA835002152F6 /* Sources */,
				70FEE0C21B8BA835002152F6 /* Frameworks */,
				70FEE0C31B8BA835002152F6 /* Resources */,
			);
			buildRules = (
			);
			dependencies = (
			);
			name = trees;
			productName = trees;
			productReference = 70FEE0C51B8BA835002152F6 /* trees.app */;
			productType = "com.apple.product-type.application";
		};
		70FEE0D91B8BA835002152F6 /* treesTests */ = {
			isa = PBXNativeTarget;
			buildConfigurationList = 70FEE0E71B8BA835002152F6 /* Build configuration list for PBXNativeTarget "treesTests" */;
			buildPhases = (
				70FEE0D61B8BA835002152F6 /* Sources */,
				70FEE0D71B8BA835002152F6 /* Frameworks */,
				70FEE0D81B8BA835002152F6 /* Resources */,
			);
			buildRules = (
			);
			dependencies = (
				70FEE0DC1B8BA835002152F6 /* PBXTargetDependency */,
			);
			name = treesTests;
			productName = treesTests;
			productReference = 70FEE0DA1B8BA835002152F6 /* treesTests.xctest */;
			productType = "com.apple.product-type.bundle.unit-test";
		};
/* End PBXNativeTarget section */

/* Begin PBXProject section */
		70FEE0BD1B8BA835002152F6 /* Project object */ = {
			isa = PBXProject;
			attributes = {
				LastUpgradeCheck = 0640;
				ORGANIZATIONNAME = "Gary Kertis";
				TargetAttributes = {
					70FEE0C41B8BA835002152F6 = {
						CreatedOnToolsVersion = 6.4;
					};
					70FEE0D91B8BA835002152F6 = {
						CreatedOnToolsVersion = 6.4;
						TestTargetID = 70FEE0C41B8BA835002152F6;
					};
				};
			};
			buildConfigurationList = 70FEE0C01B8BA835002152F6 /* Build configuration list for PBXProject "trees" */;
			compatibilityVersion = "Xcode 3.2";
			developmentRegion = English;
			hasScannedForEncodings = 0;
			knownRegions = (
				en,
				Base,
			);
			mainGroup = 70FEE0BC1B8BA835002152F6;
			productRefGroup = 70FEE0C61B8BA835002152F6 /* Products */;
			projectDirPath = "";
			projectRoot = "";
			targets = (
				70FEE0C41B8BA835002152F6 /* trees */,
				70FEE0D91B8BA835002152F6 /* treesTests */,
			);
		};
/* End PBXProject section */

/* Begin PBXResourcesBuildPhase section */
		70FEE0C31B8BA835002152F6 /* Resources */ = {
			isa = PBXResourcesBuildPhase;
			buildActionMask = 2147483647;
			files = (
				70FEE0D01B8BA835002152F6 /* Main.storyboard in Resources */,
				70FEE0D51B8BA835002152F6 /* LaunchScreen.xib in Resources */,
				70FEE0D21B8BA835002152F6 /* Images.xcassets in Resources */,
			);
			runOnlyForDeploymentPostprocessing = 0;
		};
		70FEE0D81B8BA835002152F6 /* Resources */ = {
			isa = PBXResourcesBuildPhase;
			buildActionMask = 2147483647;
			files = (
			);
			runOnlyForDeploymentPostprocessing = 0;
		};
/* End PBXResourcesBuildPhase section */

/* Begin PBXSourcesBuildPhase section */
		70FEE0C11B8BA835002152F6 /* Sources */ = {
			isa = PBXSourcesBuildPhase;
			buildActionMask = 2147483647;
			files = (
				70FEE0CD1B8BA835002152F6 /* ViewController.swift in Sources */,
				70FEE0CB1B8BA835002152F6 /* AppDelegate.swift in Sources */,
			);
			runOnlyForDeploymentPostprocessing = 0;
		};
		70FEE0D61B8BA835002152F6 /* Sources */ = {
			isa = PBXSourcesBuildPhase;
			buildActionMask = 2147483647;
			files = (
				70FEE0E11B8BA835002152F6 /* treesTests.swift in Sources */,
			);
			runOnlyForDeploymentPostprocessing = 0;
		};
/* End PBXSourcesBuildPhase section */

/* Begin PBXTargetDependency section */
		70FEE0DC1B8BA835002152F6 /* PBXTargetDependency */ = {
			isa = PBXTargetDependency;
			target = 70FEE0C41B8BA835002152F6 /* trees */;
			targetProxy = 70FEE0DB1B8BA835002152F6 /* PBXContainerItemProxy */;
		};
/* End PBXTargetDependency section */

/* Begin PBXVariantGroup section */
		70FEE0CE1B8BA835002152F6 /* Main.storyboard */ = {
			isa = PBXVariantGroup;
			children = (
				70FEE0CF1B8BA835002152F6 /* Base */,
			);
			name = Main.storyboard;
			sourceTree = "<group>";
		};
		70FEE0D31B8BA835002152F6 /* LaunchScreen.xib */ = {
			isa = PBXVariantGroup;
			children = (
				70FEE0D41B8BA835002152F6 /* Base */,
			);
			name = LaunchScreen.xib;
			sourceTree = "<group>";
		};
/* End PBXVariantGroup section */

/* Begin XCBuildConfiguration section */
		70FEE0E21B8BA835002152F6 /* Debug */ = {
			isa = XCBuildConfiguration;
			buildSettings = {
				ALWAYS_SEARCH_USER_PATHS = NO;
				CLANG_CXX_LANGUAGE_STANDARD = "gnu++0x";
				CLANG_CXX_LIBRARY = "libc++";
				CLANG_ENABLE_MODULES = YES;
				CLANG_ENABLE_OBJC_ARC = YES;
				CLANG_WARN_BOOL_CONVERSION = YES;
				CLANG_WARN_CONSTANT_CONVERSION = YES;
				CLANG_WARN_DIRECT_OBJC_ISA_USAGE = YES_ERROR;
				CLANG_WARN_EMPTY_BODY = YES;
				CLANG_WARN_ENUM_CONVERSION = YES;
				CLANG_WARN_INT_CONVERSION = YES;
				CLANG_WARN_OBJC_ROOT_CLASS = YES_ERROR;
				CLANG_WARN_UNREACHABLE_CODE = YES;
				CLANG_WARN__DUPLICATE_METHOD_MATCH = YES;
				"CODE_SIGN_IDENTITY[sdk=iphoneos*]" = "iPhone Developer";
				COPY_PHASE_STRIP = NO;
				DEBUG_INFORMATION_FORMAT = "dwarf-with-dsym";
				ENABLE_STRICT_OBJC_MSGSEND = YES;
				GCC_C_LANGUAGE_STANDARD = gnu99;
				GCC_DYNAMIC_NO_PIC = NO;
				GCC_NO_COMMON_BLOCKS = YES;
				GCC_OPTIMIZATION_LEVEL = 0;
				GCC_PREPROCESSOR_DEFINITIONS = (
					"DEBUG=1",
					"$(inherited)",
				);
				GCC_SYMBOLS_PRIVATE_EXTERN = NO;
				GCC_WARN_64_TO_32_BIT_CONVERSION = YES;
				GCC_WARN_ABOUT_RETURN_TYPE = YES_ERROR;
				GCC_WARN_UNDECLARED_SELECTOR = YES;
				GCC_WARN_UNINITIALIZED_AUTOS = YES_AGGRESSIVE;
				GCC_WARN_UNUSED_FUNCTION = YES;
				GCC_WARN_UNUSED_VARIABLE = YES;
				IPHONEOS_DEPLOYMENT_TARGET = 8.4;
				MTL_ENABLE_DEBUG_INFO = YES;
				ONLY_ACTIVE_ARCH = YES;
				SDKROOT = iphoneos;
				SWIFT_OPTIMIZATION_LEVEL = "-Onone";
			};
			name = Debug;
		};
		70FEE0E31B8BA835002152F6 /* Release */ = {
			isa = XCBuildConfiguration;
			buildSettings = {
				ALWAYS_SEARCH_USER_PATHS = NO;
				CLANG_CXX_LANGUAGE_STANDARD = "gnu++0x";
				CLANG_CXX_LIBRARY = "libc++";
				CLANG_ENABLE_MODULES = YES;
				CLANG_ENABLE_OBJC_ARC = YES;
				CLANG_WARN_BOOL_CONVERSION = YES;
				CLANG_WARN_CONSTANT_CONVERSION = YES;
				CLANG_WARN_DIRECT_OBJC_ISA_USAGE = YES_ERROR;
				CLANG_WARN_EMPTY_BODY = YES;
				CLANG_WARN_ENUM_CONVERSION = YES;
				CLANG_WARN_INT_CONVERSION = YES;
				CLANG_WARN_OBJC_ROOT_CLASS = YES_ERROR;
				CLANG_WARN_UNREACHABLE_CODE = YES;
				CLANG_WARN__DUPLICATE_METHOD_MATCH = YES;
				"CODE_SIGN_IDENTITY[sdk=iphoneos*]" = "iPhone Developer";
				COPY_PHASE_STRIP = NO;
				DEBUG_INFORMATION_FORMAT = "dwarf-with-dsym";
				ENABLE_NS_ASSERTIONS = NO;
				ENABLE_STRICT_OBJC_MSGSEND = YES;
				GCC_C_LANGUAGE_STANDARD = gnu99;
				GCC_NO_COMMON_BLOCKS = YES;
				GCC_WARN_64_TO_32_BIT_CONVERSION = YES;
				GCC_WARN_ABOUT_RETURN_TYPE = YES_ERROR;
				GCC_WARN_UNDECLARED_SELECTOR = YES;
				GCC_WARN_UNINITIALIZED_AUTOS = YES_AGGRESSIVE;
				GCC_WARN_UNUSED_FUNCTION = YES;
				GCC_WARN_UNUSED_VARIABLE = YES;
				IPHONEOS_DEPLOYMENT_TARGET = 8.4;
				MTL_ENABLE_DEBUG_INFO = NO;
				SDKROOT = iphoneos;
				VALIDATE_PRODUCT = YES;
			};
			name = Release;
		};
		70FEE0E51B8BA835002152F6 /* Debug */ = {
			isa = XCBuildConfiguration;
			buildSettings = {
				ASSETCATALOG_COMPILER_APPICON_NAME = AppIcon;
				INFOPLIST_FILE = trees/Info.plist;
				LD_RUNPATH_SEARCH_PATHS = "$(inherited) @executable_path/Frameworks";
				PRODUCT_NAME = "$(TARGET_NAME)";
			};
			name = Debug;
		};
		70FEE0E61B8BA835002152F6 /* Release */ = {
			isa = XCBuildConfiguration;
			buildSettings = {
				ASSETCATALOG_COMPILER_APPICON_NAME = AppIcon;
				INFOPLIST_FILE = trees/Info.plist;
				LD_RUNPATH_SEARCH_PATHS = "$(inherited) @executable_path/Frameworks";
				PRODUCT_NAME = "$(TARGET_NAME)";
			};
			name = Release;
		};
		70FEE0E81B8BA835002152F6 /* Debug */ = {
			isa = XCBuildConfiguration;
			buildSettings = {
				BUNDLE_LOADER = "$(TEST_HOST)";
				FRAMEWORK_SEARCH_PATHS = (
					"$(SDKROOT)/Developer/Library/Frameworks",
					"$(inherited)",
				);
				GCC_PREPROCESSOR_DEFINITIONS = (
					"DEBUG=1",
					"$(inherited)",
				);
				INFOPLIST_FILE = treesTests/Info.plist;
				LD_RUNPATH_SEARCH_PATHS = "$(inherited) @executable_path/Frameworks @loader_path/Frameworks";
				PRODUCT_NAME = "$(TARGET_NAME)";
				TEST_HOST = "$(BUILT_PRODUCTS_DIR)/trees.app/trees";
			};
			name = Debug;
		};
		70FEE0E91B8BA835002152F6 /* Release */ = {
			isa = XCBuildConfiguration;
			buildSettings = {
				BUNDLE_LOADER = "$(TEST_HOST)";
				FRAMEWORK_SEARCH_PATHS = (
					"$(SDKROOT)/Developer/Library/Frameworks",
					"$(inherited)",
				);
				INFOPLIST_FILE = treesTests/Info.plist;
				LD_RUNPATH_SEARCH_PATHS = "$(inherited) @executable_path/Frameworks @loader_path/Frameworks";
				PRODUCT_NAME = "$(TARGET_NAME)";
				TEST_HOST = "$(BUILT_PRODUCTS_DIR)/trees.app/trees";
			};
			name = Release;
		};
/* End XCBuildConfiguration section */

/* Begin XCConfigurationList section */
		70FEE0C01B8BA835002152F6 /* Build configuration list for PBXProject "trees" */ = {
			isa = XCConfigurationList;
			buildConfigurations = (
				70FEE0E21B8BA835002152F6 /* Debug */,
				70FEE0E31B8BA835002152F6 /* Release */,
			);
			defaultConfigurationIsVisible = 0;
			defaultConfigurationName = Release;
		};
		70FEE0E41B8BA835002152F6 /* Build configuration list for PBXNativeTarget "trees" */ = {
			isa = XCConfigurationList;
			buildConfigurations = (
				70FEE0E51B8BA835002152F6 /* Debug */,
				70FEE0E61B8BA835002152F6 /* Release */,
			);
			defaultConfigurationIsVisible = 0;
		};
		70FEE0E71B8BA835002152F6 /* Build configuration list for PBXNativeTarget "treesTests" */ = {
			isa = XCConfigurationList;
			buildConfigurations = (
				70FEE0E81B8BA835002152F6 /* Debug */,
				70FEE0E91B8BA835002152F6 /* Release */,
			);
			defaultConfigurationIsVisible = 0;
		};
/* End XCConfigurationList section */
	};
	rootObject = 70FEE0BD1B8BA835002152F6 /* Project object */;
}
